
Microsoft Visual Studio Solution File, Format Version 12.00
# Visual Studio Version 17
VisualStudioVersion = 17.7.34202.233
MinimumVisualStudioVersion = 10.0.40219.1
Project("{FAE04EC0-301F-11D3-BF4B-00C04F79EFBC}") = "WebApplication6", "WebApplication6\WebApplication6.csproj", "{9D5394D5-7449-4AF2-A314-FBF2E2EC34D1}"
EndProject
Global
	GlobalSection(SolutionConfigurationPlatforms) = preSolution
		Debug|Any CPU = Debug|Any CPU
		Release|Any CPU = Release|Any CPU
	EndGlobalSection
	GlobalSection(ProjectConfigurationPlatforms) = postSolution
		{9D5394D5-7449-4AF2-A314-FBF2E2EC34D1}.Debug|Any CPU.ActiveCfg = Debug|Any CPU
		{9D5394D5-7449-4AF2-A314-FBF2E2EC34D1}.Debug|Any CPU.Build.0 = Debug|Any CPU
		{9D5394D5-7449-4AF2-A314-FBF2E2EC34D1}.Release|Any CPU.ActiveCfg = Release|Any CPU
		{9D5394D5-7449-4AF2-A314-FBF2E2EC34D1}.Release|Any CPU.Build.0 = Release|Any CPU
	EndGlobalSection
	GlobalSection(SolutionProperties) = preSolution
		HideSolutionNode = FALSE
	EndGlobalSection
	GlobalSection(ExtensibilityGlobals) = postSolution
		SolutionGuid = {2E0EE520-5F8F-4F9C-9BB8-4E10024B11EF}
	EndGlobalSection
EndGlobal
